Microsoft Visual Studio Solution File, Format Version 12.00
# Visual Studio Version 17
VisualStudioVersion = 17.5.2.0
MinimumVisualStudioVersion = 10.0.40219.1
Project("{FAE04EC0-301F-11D3-BF4B-00C04F79EFBC}") = "percuro_mitarbeiterverwaltung", "percuro_mitarbeiterverwaltung.csproj", "{021B8E22-36AC-AAAD-F9C1-FBE787A0B4BC}"
EndProject
Global
	GlobalSection(SolutionConfigurationPlatforms) = preSolution
		Debug|Any CPU = Debug|Any CPU
		Release|Any CPU = Release|Any CPU
	EndGlobalSection
	GlobalSection(ProjectConfigurationPlatforms) = postSolution
		{021B8E22-36AC-AAAD-F9C1-FBE787A0B4BC}.Debug|Any CPU.ActiveCfg = Debug|Any CPU
		{021B8E22-36AC-AAAD-F9C1-FBE787A0B4BC}.Debug|Any CPU.Build.0 = Debug|Any CPU
		{021B8E22-36AC-AAAD-F9C1-FBE787A0B4BC}.Release|Any CPU.ActiveCfg = Release|Any CPU
		{021B8E22-36AC-AAAD-F9C1-FBE787A0B4BC}.Release|Any CPU.Build.0 = Release|Any CPU
	EndGlobalSection
	GlobalSection(SolutionProperties) = preSolution
		HideSolutionNode = FALSE
	EndGlobalSection
	GlobalSection(ExtensibilityGlobals) = postSolution
		SolutionGuid = {C49DF566-CD98-40C0-BFD0-0612841DC3EE}
	EndGlobalSection
EndGlobal
